// !$*UTF8*$!
{
	archiveVersion = 1;
	classes = {
	};
	objectVersion = 50;
	objects = {

/* Begin PBXBuildFile section */
		1071F9C626983CDF00D82280 /* level1.txt in Resources */ = {isa = PBXBuildFile; fileRef = 1071F9C426983CDF00D82280 /* level1.txt */; };
		1071F9C726983CDF00D82280 /* level2.txt in Resources */ = {isa = PBXBuildFile; fileRef = 1071F9C526983CDF00D82280 /* level2.txt */; };
		10E004F626982D34000E3773 /* AppDelegate.swift in Sources */ = {isa = PBXBuildFile; fileRef = 10E004F526982D34000E3773 /* AppDelegate.swift */; };
		10E004F826982D34000E3773 /* SceneDelegate.swift in Sources */ = {isa = PBXBuildFile; fileRef = 10E004F726982D34000E3773 /* SceneDelegate.swift */; };
		10E004FA26982D34000E3773 /* ViewController.swift in Sources */ = {isa = PBXBuildFile; fileRef = 10E004F926982D34000E3773 /* ViewController.swift */; };
		10E004FD26982D34000E3773 /* Main.storyboard in Resources */ = {isa = PBXBuildFile; fileRef = 10E004FB26982D34000E3773 /* Main.storyboard */; };
		10E004FF26982D35000E3773 /* Assets.xcassets in Resources */ = {isa = PBXBuildFile; fileRef = 10E004FE26982D35000E3773 /* Assets.xcassets */; };
		10E0050226982D35000E3773 /* LaunchScreen.storyboard in Resources */ = {isa = PBXBuildFile; fileRef = 10E0050026982D35000E3773 /* LaunchScreen.storyboard */; };
/* End PBXBuildFile section */

/* Begin PBXFileReference section */
		1071F9C426983CDF00D82280 /* level1.txt */ = {isa = PBXFileReference; fileEncoding = 4; lastKnownFileType = text; path = level1.txt; sourceTree = "<group>"; };
		1071F9C526983CDF00D82280 /* level2.txt */ = {isa = PBXFileReference; fileEncoding = 4; lastKnownFileType = text; path = level2.txt; sourceTree = "<group>"; };
		10E004F226982D34000E3773 /* hacking8.app */ = {isa = PBXFileReference; explicitFileType = wrapper.application; includeInIndex = 0; path = hacking8.app; sourceTree = BUILT_PRODUCTS_DIR; };
		10E004F526982D34000E3773 /* AppDelegate.swift */ = {isa = PBXFileReference; lastKnownFileType = sourcecode.swift; path = AppDelegate.swift; sourceTree = "<group>"; };
		10E004F726982D34000E3773 /* SceneDelegate.swift */ = {isa = PBXFileReference; lastKnownFileType = sourcecode.swift; path = SceneDelegate.swift; sourceTree = "<group>"; };
		10E004F926982D34000E3773 /* ViewController.swift */ = {isa = PBXFileReference; lastKnownFileType = sourcecode.swift; path = ViewController.swift; sourceTree = "<group>"; };
		10E004FC26982D34000E3773 /* Base */ = {isa = PBXFileReference; lastKnownFileType = file.storyboard; name = Base; path = Base.lproj/Main.storyboard; sourceTree = "<group>"; };
		10E004FE26982D35000E3773 /* Assets.xcassets */ = {isa = PBXFileReference; lastKnownFileType = folder.assetcatalog; path = Assets.xcassets; sourceTree = "<group>"; };
		10E0050126982D35000E3773 /* Base */ = {isa = PBXFileReference; lastKnownFileType = file.storyboard; name = Base; path = Base.lproj/LaunchScreen.storyboard; sourceTree = "<group>"; };
		10E0050326982D35000E3773 /* Info.plist */ = {isa = PBXFileReference; lastKnownFileType = text.plist.xml; path = Info.plist; sourceTree = "<group>"; };
/* End PBXFileReference section */

/* Begin PBXFrameworksBuildPhase section */
		10E004EF26982D34000E3773 /* Frameworks */ = {
			isa = PBXFrameworksBuildPhase;
			buildActionMask = 2147483647;
			files = (
			);
			runOnlyForDeploymentPostprocessing = 0;
		};
/* End PBXFrameworksBuildPhase section */

/* Begin PBXGroup section */
		10E004E926982D34000E3773 = {
			isa = PBXGroup;
			children = (
				10E004F426982D34000E3773 /* hacking8 */,
				10E004F326982D34000E3773 /* Products */,
			);
			sourceTree = "<group>";
		};
		10E004F326982D34000E3773 /* Products */ = {
			isa = PBXGroup;
			children = (
				10E004F226982D34000E3773 /* hacking8.app */,
			);
			name = Products;
			sourceTree = "<group>";
		};
		10E004F426982D34000E3773 /* hacking8 */ = {
			isa = PBXGroup;
			children = (
				10E004F526982D34000E3773 /* AppDelegate.swift */,
				10E004F726982D34000E3773 /* SceneDelegate.swift */,
				10E004F926982D34000E3773 /* ViewController.swift */,
				10E004FB26982D34000E3773 /* Main.storyboard */,
				10E004FE26982D35000E3773 /* Assets.xcassets */,
				10E0050026982D35000E3773 /* LaunchScreen.storyboard */,
				10E0050326982D35000E3773 /* Info.plist */,
				1071F9C426983CDF00D82280 /* level1.txt */,
				1071F9C526983CDF00D82280 /* level2.txt */,
			);
			path = hacking8;
			sourceTree = "<group>";
		};
/* End PBXGroup section */

/* Begin PBXNativeTarget section */
		10E004F126982D34000E3773 /* hacking8 */ = {
			isa = PBXNativeTarget;
			buildConfigurationList = 10E0050626982D35000E3773 /* Build configuration list for PBXNativeTarget "hacking8" */;
			buildPhases = (
				10E004EE26982D34000E3773 /* Sources */,
				10E004EF26982D34000E3773 /* Frameworks */,
				10E004F026982D34000E3773 /* Resources */,
			);
			buildRules = (
			);
			dependencies = (
			);
			name = hacking8;
			productName = hacking8;
			productReference = 10E004F226982D34000E3773 /* hacking8.app */;
			productType = "com.apple.product-type.application";
		};
/* End PBXNativeTarget section */

/* Begin PBXProject section */
		10E004EA26982D34000E3773 /* Project object */ = {
			isa = PBXProject;
			attributes = {
				LastSwiftUpdateCheck = 1240;
				LastUpgradeCheck = 1240;
				TargetAttributes = {
					10E004F126982D34000E3773 = {
						CreatedOnToolsVersion = 12.4;
					};
				};
			};
			buildConfigurationList = 10E004ED26982D34000E3773 /* Build configuration list for PBXProject "hacking8" */;
			compatibilityVersion = "Xcode 9.3";
			developmentRegion = en;
			hasScannedForEncodings = 0;
			knownRegions = (
				en,
				Base,
			);
			mainGroup = 10E004E926982D34000E3773;
			productRefGroup = 10E004F326982D34000E3773 /* Products */;
			projectDirPath = "";
			projectRoot = "";
			targets = (
				10E004F126982D34000E3773 /* hacking8 */,
			);
		};
/* End PBXProject section */

/* Begin PBXResourcesBuildPhase section */
		10E004F026982D34000E3773 /* Resources */ = {
			isa = PBXResourcesBuildPhase;
			buildActionMask = 2147483647;
			files = (
				1071F9C726983CDF00D82280 /* level2.txt in Resources */,
				10E0050226982D35000E3773 /* LaunchScreen.storyboard in Resources */,
				1071F9C626983CDF00D82280 /* level1.txt in Resources */,
				10E004FF26982D35000E3773 /* Assets.xcassets in Resources */,
				10E004FD26982D34000E3773 /* Main.storyboard in Resources */,
			);
			runOnlyForDeploymentPostprocessing = 0;
		};
/* End PBXResourcesBuildPhase section */

/* Begin PBXSourcesBuildPhase section */
		10E004EE26982D34000E3773 /* Sources */ = {
			isa = PBXSourcesBuildPhase;
			buildActionMask = 2147483647;
			files = (
				10E004FA26982D34000E3773 /* ViewController.swift in Sources */,
				10E004F626982D34000E3773 /* AppDelegate.swift in Sources */,
				10E004F826982D34000E3773 /* SceneDelegate.swift in Sources */,
			);
			runOnlyForDeploymentPostprocessing = 0;
		};
/* End PBXSourcesBuildPhase section */

/* Begin PBXVariantGroup section */
		10E004FB26982D34000E3773 /* Main.storyboard */ = {
			isa = PBXVariantGroup;
			children = (
				10E004FC26982D34000E3773 /* Base */,
			);
			name = Main.storyboard;
			sourceTree = "<group>";
		};
		10E0050026982D35000E3773 /* LaunchScreen.storyboard */ = {
			isa = PBXVariantGroup;
			children = (
				10E0050126982D35000E3773 /* Base */,
			);
			name = LaunchScreen.storyboard;
			sourceTree = "<group>";
		};
/* End PBXVariantGroup section */

/* Begin XCBuildConfiguration section */
		10E0050426982D35000E3773 /* Debug */ = {
			isa = XCBuildConfiguration;
			buildSettings = {
				ALWAYS_SEARCH_USER_PATHS = NO;
				CLANG_ANALYZER_NONNULL = YES;
				CLANG_ANALYZER_NUMBER_OBJECT_CONVERSION = YES_AGGRESSIVE;
				CLANG_CXX_LANGUAGE_STANDARD = "gnu++14";
				CLANG_CXX_LIBRARY = "libc++";
				CLANG_ENABLE_MODULES = YES;
				CLANG_ENABLE_OBJC_ARC = YES;
				CLANG_ENABLE_OBJC_WEAK = YES;
				CLANG_WARN_BLOCK_CAPTURE_AUTORELEASING = YES;
				CLANG_WARN_BOOL_CONVERSION = YES;
				CLANG_WARN_COMMA = YES;
				CLANG_WARN_CONSTANT_CONVERSION = YES;
				CLANG_WARN_DEPRECATED_OBJC_IMPLEMENTATIONS = YES;
				CLANG_WARN_DIRECT_OBJC_ISA_USAGE = YES_ERROR;
				CLANG_WARN_DOCUMENTATION_COMMENTS = YES;
				CLANG_WARN_EMPTY_BODY = YES;
				CLANG_WARN_ENUM_CONVERSION = YES;
				CLANG_WARN_INFINITE_RECURSION = YES;
				CLANG_WARN_INT_CONVERSION = YES;
				CLANG_WARN_NON_LITERAL_NULL_CONVERSION = YES;
				CLANG_WARN_OBJC_IMPLICIT_RETAIN_SELF = YES;
				CLANG_WARN_OBJC_LITERAL_CONVERSION = YES;
				CLANG_WARN_OBJC_ROOT_CLASS = YES_ERROR;
				CLANG_WARN_QUOTED_INCLUDE_IN_FRAMEWORK_HEADER = YES;
				CLANG_WARN_RANGE_LOOP_ANALYSIS = YES;
				CLANG_WARN_STRICT_PROTOTYPES = YES;
				CLANG_WARN_SUSPICIOUS_MOVE = YES;
				CLANG_WARN_UNGUARDED_AVAILABILITY = YES_AGGRESSIVE;
				CLANG_WARN_UNREACHABLE_CODE = YES;
				CLANG_WARN__DUPLICATE_METHOD_MATCH = YES;
				COPY_PHASE_STRIP = NO;
				DEBUG_INFORMATION_FORMAT = dwarf;
				ENABLE_STRICT_OBJC_MSGSEND = YES;
				ENABLE_TESTABILITY = YES;
				GCC_C_LANGUAGE_STANDARD = gnu11;
				GCC_DYNAMIC_NO_PIC = NO;
				GCC_NO_COMMON_BLOCKS = YES;
				GCC_OPTIMIZATION_LEVEL = 0;
				GCC_PREPROCESSOR_DEFINITIONS = (
					"DEBUG=1",
					"$(inherited)",
				);
				GCC_WARN_64_TO_32_BIT_CONVERSION = YES;
				GCC_WARN_ABOUT_RETURN_TYPE = YES_ERROR;
				GCC_WARN_UNDECLARED_SELECTOR = YES;
				GCC_WARN_UNINITIALIZED_AUTOS = YES_AGGRESSIVE;
				GCC_WARN_UNUSED_FUNCTION = YES;
				GCC_WARN_UNUSED_VARIABLE = YES;
				IPHONEOS_DEPLOYMENT_TARGET = 14.4;
				MTL_ENABLE_DEBUG_INFO = INCLUDE_SOURCE;
				MTL_FAST_MATH = YES;
				ONLY_ACTIVE_ARCH = YES;
				SDKROOT = iphoneos;
				SWIFT_ACTIVE_COMPILATION_CONDITIONS = DEBUG;
				SWIFT_OPTIMIZATION_LEVEL = "-Onone";
			};
			name = Debug;
		};
		10E0050526982D35000E3773 /* Release */ = {
			isa = XCBuildConfiguration;
			buildSettings = {
				ALWAYS_SEARCH_USER_PATHS = NO;
				CLANG_ANALYZER_NONNULL = YES;
				CLANG_ANALYZER_NUMBER_OBJECT_CONVERSION = YES_AGGRESSIVE;
				CLANG_CXX_LANGUAGE_STANDARD = "gnu++14";
				CLANG_CXX_LIBRARY = "libc++";
				CLANG_ENABLE_MODULES = YES;
				CLANG_ENABLE_OBJC_ARC = YES;
				CLANG_ENABLE_OBJC_WEAK = YES;
				CLANG_WARN_BLOCK_CAPTURE_AUTORELEASING = YES;
				CLANG_WARN_BOOL_CONVERSION = YES;
				CLANG_WARN_COMMA = YES;
				CLANG_WARN_CONSTANT_CONVERSION = YES;
				CLANG_WARN_DEPRECATED_OBJC_IMPLEMENTATIONS = YES;
				CLANG_WARN_DIRECT_OBJC_ISA_USAGE = YES_ERROR;
				CLANG_WARN_DOCUMENTATION_COMMENTS = YES;
				CLANG_WARN_EMPTY_BODY = YES;
				CLANG_WARN_ENUM_CONVERSION = YES;
				CLANG_WARN_INFINITE_RECURSION = YES;
				CLANG_WARN_INT_CONVERSION = YES;
				CLANG_WARN_NON_LITERAL_NULL_CONVERSION = YES;
				CLANG_WARN_OBJC_IMPLICIT_RETAIN_SELF = YES;
				CLANG_WARN_OBJC_LITERAL_CONVERSION = YES;
				CLANG_WARN_OBJC_ROOT_CLASS = YES_ERROR;
				CLANG_WARN_QUOTED_INCLUDE_IN_FRAMEWORK_HEADER = YES;
				CLANG_WARN_RANGE_LOOP_ANALYSIS = YES;
				CLANG_WARN_STRICT_PROTOTYPES = YES;
				CLANG_WARN_SUSPICIOUS_MOVE = YES;
				CLANG_WARN_UNGUARDED_AVAILABILITY = YES_AGGRESSIVE;
				CLANG_WARN_UNREACHABLE_CODE = YES;
				CLANG_WARN__DUPLICATE_METHOD_MATCH = YES;
				COPY_PHASE_STRIP = NO;
				DEBUG_INFORMATION_FORMAT = "dwarf-with-dsym";
				ENABLE_NS_ASSERTIONS = NO;
				ENABLE_STRICT_OBJC_MSGSEND = YES;
				GCC_C_LANGUAGE_STANDARD = gnu11;
				GCC_NO_COMMON_BLOCKS = YES;
				GCC_WARN_64_TO_32_BIT_CONVERSION = YES;
				GCC_WARN_ABOUT_RETURN_TYPE = YES_ERROR;
				GCC_WARN_UNDECLARED_SELECTOR = YES;
				GCC_WARN_UNINITIALIZED_AUTOS = YES_AGGRESSIVE;
				GCC_WARN_UNUSED_FUNCTION = YES;
				GCC_WARN_UNUSED_VARIABLE = YES;
				IPHONEOS_DEPLOYMENT_TARGET = 14.4;
				MTL_ENABLE_DEBUG_INFO = NO;
				MTL_FAST_MATH = YES;
				SDKROOT = iphoneos;
				SWIFT_COMPILATION_MODE = wholemodule;
				SWIFT_OPTIMIZATION_LEVEL = "-O";
				VALIDATE_PRODUCT = YES;
			};
			name = Release;
		};
		10E0050726982D35000E3773 /* Debug */ = {
			isa = XCBuildConfiguration;
			buildSettings = {
				ASSETCATALOG_COMPILER_APPICON_NAME = AppIcon;
				ASSETCATALOG_COMPILER_GLOBAL_ACCENT_COLOR_NAME = AccentColor;
				CODE_SIGN_STYLE = Automatic;
				DEVELOPMENT_TEAM = U7XR6NZ56Q;
				INFOPLIST_FILE = hacking8/Info.plist;
				LD_RUNPATH_SEARCH_PATHS = (
					"$(inherited)",
					"@executable_path/Frameworks",
				);
				PRODUCT_BUNDLE_IDENTIFIER = com.github.pgreze.hacking8;
				PRODUCT_NAME = "$(TARGET_NAME)";
				SWIFT_VERSION = 5.0;
				TARGETED_DEVICE_FAMILY = 2;
			};
			name = Debug;
		};
		10E0050826982D35000E3773 /* Release */ = {
			isa = XCBuildConfiguration;
			buildSettings = {
				ASSETCATALOG_COMPILER_APPICON_NAME = AppIcon;
				ASSETCATALOG_COMPILER_GLOBAL_ACCENT_COLOR_NAME = AccentColor;
				CODE_SIGN_STYLE = Automatic;
				DEVELOPMENT_TEAM = U7XR6NZ56Q;
				INFOPLIST_FILE = hacking8/Info.plist;
				LD_RUNPATH_SEARCH_PATHS = (
					"$(inherited)",
					"@executable_path/Frameworks",
				);
				PRODUCT_BUNDLE_IDENTIFIER = com.github.pgreze.hacking8;
				PRODUCT_NAME = "$(TARGET_NAME)";
				SWIFT_VERSION = 5.0;
				TARGETED_DEVICE_FAMILY = 2;
			};
			name = Release;
		};
/* End XCBuildConfiguration section */

/* Begin XCConfigurationList section */
		10E004ED26982D34000E3773 /* Build configuration list for PBXProject "hacking8" */ = {
			isa = XCConfigurationList;
			buildConfigurations = (
				10E0050426982D35000E3773 /* Debug */,
				10E0050526982D35000E3773 /* Release */,
			);
			defaultConfigurationIsVisible = 0;
			defaultConfigurationName = Release;
		};
		10E0050626982D35000E3773 /* Build configuration list for PBXNativeTarget "hacking8" */ = {
			isa = XCConfigurationList;
			buildConfigurations = (
				10E0050726982D35000E3773 /* Debug */,
				10E0050826982D35000E3773 /* Release */,
			);
			defaultConfigurationIsVisible = 0;
			defaultConfigurationName = Release;
		};
/* End XCConfigurationList section */
	};
	rootObject = 10E004EA26982D34000E3773 /* Project object */;
}
